
Microsoft Visual Studio Solution File, Format Version 12.00
# Visual Studio Version 17
VisualStudioVersion = 17.3.32929.385
MinimumVisualStudioVersion = 10.0.40219.1
Project("{FAE04EC0-301F-11D3-BF4B-00C04F79EFBC}") = "blood bank", "blood bank.csproj", "{277EE1C6-5DF6-42F9-ABD6-8F126E204ADF}"
EndProject
Global
	GlobalSection(SolutionConfigurationPlatforms) = preSolution
		Debug|Any CPU = Debug|Any CPU
		Release|Any CPU = Release|Any CPU
	EndGlobalSection
	GlobalSection(ProjectConfigurationPlatforms) = postSolution
		{277EE1C6-5DF6-42F9-ABD6-8F126E204ADF}.Debug|Any CPU.ActiveCfg = Debug|Any CPU
		{277EE1C6-5DF6-42F9-ABD6-8F126E204ADF}.Debug|Any CPU.Build.0 = Debug|Any CPU
		{277EE1C6-5DF6-42F9-ABD6-8F126E204ADF}.Release|Any CPU.ActiveCfg = Release|Any CPU
		{277EE1C6-5DF6-42F9-ABD6-8F126E204ADF}.Release|Any CPU.Build.0 = Release|Any CPU
	EndGlobalSection
	GlobalSection(SolutionProperties) = preSolution
		HideSolutionNode = FALSE
	EndGlobalSection
	GlobalSection(ExtensibilityGlobals) = postSolution
		SolutionGuid = {CBB10A78-7422-4836-9270-94B1CE4C70F2}
	EndGlobalSection
EndGlobal
